<?xml version="1.0" encoding="utf-8"?>
<Project ToolsVersion="4.0" xmlns="http://schemas.microsoft.com/developer/msbuild/2003">
  <ItemGroup>
    <Filter Include="Source Files">
      <UniqueIdentifier>{4FC737F1-C7A5-4376-A066-2A32D752A2FF}</UniqueIdentifier>
      <Extensions>cpp;c;cc;cxx;def;odl;idl;hpj;bat;asm;asmx</Extensions>
    </Filter>
    <Filter Include="Header Files">
      <UniqueIdentifier>{93995380-89BD-4b04-88EB-625FBE52EBFB}</UniqueIdentifier>
      <Extensions>h;hh;hpp;hxx;hm;inl;inc;xsd</Extensions>
    </Filter>
    <Filter Include="Resource Files">
      <UniqueIdentifier>{67DA6AB6-F800-4c08-8B7A-83BB121AAD01}</UniqueIdentifier>
      <Extensions>rc;ico;cur;bmp;dlg;rc2;rct;bin;rgs;gif;jpg;jpeg;jpe;resx;tiff;tif;png;wav;mfcribbon-ms</Extensions>
    </Filter>
  </ItemGroup>
  <ItemGroup>
    <None Include="html\profiles\Admin.htm" />
    <None Include="html\profiles\User.htm" />
    <None Include="CHANGELOG" />
    <None Include="first.README" />
    <None Include="force.README" />
    <None Include="fote.README" />
    <None Include="space.README" />
  </ItemGroup>
  <ItemGroup>
    <ClCompile Include="player\sitecount.cc">
      <Filter>Source Files</Filter>
    </ClCompile>
    <ClCompile Include="src\11.c">
      <Filter>Source Files</Filter>
    </ClCompile>
    <ClCompile Include="src\act_comm.c">
      <Filter>Source Files</Filter>
    </ClCompile>
    <ClCompile Include="src\act_info.c">
      <Filter>Source Files</Filter>
    </ClCompile>
    <ClCompile Include="src\act_move.c">
      <Filter>Source Files</Filter>
    </ClCompile>
    <ClCompile Include="src\act_obj.c">
      <Filter>Source Files</Filter>
    </ClCompile>
    <ClCompile Include="src\act_wiz.c">
      <Filter>Source Files</Filter>
    </ClCompile>
    <ClCompile Include="src\boards.c">
      <Filter>Source Files</Filter>
    </ClCompile>
    <ClCompile Include="src\bounty.c">
      <Filter>Source Files</Filter>
    </ClCompile>
    <ClCompile Include="src\build.c">
      <Filter>Source Files</Filter>
    </ClCompile>
    <ClCompile Include="src\clans.c">
      <Filter>Source Files</Filter>
    </ClCompile>
    <ClCompile Include="src\color.c">
      <Filter>Source Files</Filter>
    </ClCompile>
    <ClCompile Include="src\comm.c">
      <Filter>Source Files</Filter>
    </ClCompile>
    <ClCompile Include="src\comments.c">
      <Filter>Source Files</Filter>
    </ClCompile>
    <ClCompile Include="src\const.c">
      <Filter>Source Files</Filter>
    </ClCompile>
    <ClCompile Include="src\db.c">
      <Filter>Source Files</Filter>
    </ClCompile>
    <ClCompile Include="src\editor.c">
      <Filter>Source Files</Filter>
    </ClCompile>
    <ClCompile Include="src\fight.c">
      <Filter>Source Files</Filter>
    </ClCompile>
    <ClCompile Include="src\finfo.c">
      <Filter>Source Files</Filter>
    </ClCompile>
    <ClCompile Include="src\force.c">
      <Filter>Source Files</Filter>
    </ClCompile>
    <ClCompile Include="src\fskills.c">
      <Filter>Source Files</Filter>
    </ClCompile>
    <ClCompile Include="src\functions.c">
      <Filter>Source Files</Filter>
    </ClCompile>
    <ClCompile Include="src\handler.c">
      <Filter>Source Files</Filter>
    </ClCompile>
    <ClCompile Include="src\hashstr.c">
      <Filter>Source Files</Filter>
    </ClCompile>
    <ClCompile Include="src\hunter.c">
      <Filter>Source Files</Filter>
    </ClCompile>
    <ClCompile Include="src\imc.c">
      <Filter>Source Files</Filter>
    </ClCompile>
    <ClCompile Include="src\interp.c">
      <Filter>Source Files</Filter>
    </ClCompile>
    <ClCompile Include="src\magic.c">
      <Filter>Source Files</Filter>
    </ClCompile>
    <ClCompile Include="src\makeobjs.c">
      <Filter>Source Files</Filter>
    </ClCompile>
    <ClCompile Include="src\marriage.c">
      <Filter>Source Files</Filter>
    </ClCompile>
    <ClCompile Include="src\md5.c">
      <Filter>Source Files</Filter>
    </ClCompile>
    <ClCompile Include="src\misc.c">
      <Filter>Source Files</Filter>
    </ClCompile>
    <ClCompile Include="src\mud_comm.c">
      <Filter>Source Files</Filter>
    </ClCompile>
    <ClCompile Include="src\mud_prog.c">
      <Filter>Source Files</Filter>
    </ClCompile>
    <ClCompile Include="src\newarena.c">
      <Filter>Source Files</Filter>
    </ClCompile>
    <ClCompile Include="src\pfiles.c">
      <Filter>Source Files</Filter>
    </ClCompile>
    <ClCompile Include="src\planets.c">
      <Filter>Source Files</Filter>
    </ClCompile>
    <ClCompile Include="src\player.c">
      <Filter>Source Files</Filter>
    </ClCompile>
    <ClCompile Include="src\reset.c">
      <Filter>Source Files</Filter>
    </ClCompile>
    <ClCompile Include="src\save.c">
      <Filter>Source Files</Filter>
    </ClCompile>
    <ClCompile Include="src\ships.c">
      <Filter>Source Files</Filter>
    </ClCompile>
    <ClCompile Include="src\shops.c">
      <Filter>Source Files</Filter>
    </ClCompile>
    <ClCompile Include="src\skills.c">
      <Filter>Source Files</Filter>
    </ClCompile>
    <ClCompile Include="src\slicers.c">
      <Filter>Source Files</Filter>
    </ClCompile>
    <ClCompile Include="src\space.c">
      <Filter>Source Files</Filter>
    </ClCompile>
    <ClCompile Include="src\special.c">
      <Filter>Source Files</Filter>
    </ClCompile>
    <ClCompile Include="src\swskills.c">
      <Filter>Source Files</Filter>
    </ClCompile>
    <ClCompile Include="src\tables.c">
      <Filter>Source Files</Filter>
    </ClCompile>
    <ClCompile Include="src\tech.c">
      <Filter>Source Files</Filter>
    </ClCompile>
    <ClCompile Include="src\track.c">
      <Filter>Source Files</Filter>
    </ClCompile>
    <ClCompile Include="src\update.c">
      <Filter>Source Files</Filter>
    </ClCompile>
  </ItemGroup>
  <ItemGroup>
    <ClInclude Include="src\bet.h">
      <Filter>Header Files</Filter>
    </ClInclude>
    <ClInclude Include="src\color.h">
      <Filter>Header Files</Filter>
    </ClInclude>
    <ClInclude Include="src\imc.h">
      <Filter>Header Files</Filter>
    </ClInclude>
    <ClInclude Include="src\imccfg.h">
      <Filter>Header Files</Filter>
    </ClInclude>
    <ClInclude Include="src\md5.h">
      <Filter>Header Files</Filter>
    </ClInclude>
    <ClInclude Include="src\mud.h">
      <Filter>Header Files</Filter>
    </ClInclude>
    <ClInclude Include="src\pfiles.h">
      <Filter>Header Files</Filter>
    </ClInclude>
  </ItemGroup>
  <ItemGroup>
    <Text Include="Bugfixes.txt" />
  </ItemGroup>
</Project>